
Microsoft Visual Studio Solution File, Format Version 12.00
# Visual Studio 14
VisualStudioVersion = 14.0.25123.0
MinimumVisualStudioVersion = 10.0.40219.1
Project("{FAE04EC0-301F-11D3-BF4B-00C04F79EFBC}") = "ShoppingCart", "ShoppingCart\ShoppingCart.csproj", "{960DF5D3-A390-4233-A379-267A6AE62B2E}"
EndProject
Project("{FAE04EC0-301F-11D3-BF4B-00C04F79EFBC}") = "ShoppingCart.Tests", "ShoppingCart.Tests\ShoppingCart.Tests.csproj", "{A8BFAAA5-2896-4756-BEC2-00331AFBCA5E}"
EndProject
Global
	GlobalSection(SolutionConfigurationPlatforms) = preSolution
		Debug|Any CPU = Debug|Any CPU
		Release|Any CPU = Release|Any CPU
	EndGlobalSection
	GlobalSection(ProjectConfigurationPlatforms) = postSolution
		{960DF5D3-A390-4233-A379-267A6AE62B2E}.Debug|Any CPU.ActiveCfg = Debug|Any CPU
		{960DF5D3-A390-4233-A379-267A6AE62B2E}.Debug|Any CPU.Build.0 = Debug|Any CPU
		{960DF5D3-A390-4233-A379-267A6AE62B2E}.Release|Any CPU.ActiveCfg = Release|Any CPU
		{960DF5D3-A390-4233-A379-267A6AE62B2E}.Release|Any CPU.Build.0 = Release|Any CPU
		{A8BFAAA5-2896-4756-BEC2-00331AFBCA5E}.Debug|Any CPU.ActiveCfg = Debug|Any CPU
		{A8BFAAA5-2896-4756-BEC2-00331AFBCA5E}.Debug|Any CPU.Build.0 = Debug|Any CPU
		{A8BFAAA5-2896-4756-BEC2-00331AFBCA5E}.Release|Any CPU.ActiveCfg = Release|Any CPU
		{A8BFAAA5-2896-4756-BEC2-00331AFBCA5E}.Release|Any CPU.Build.0 = Release|Any CPU
	EndGlobalSection
	GlobalSection(SolutionProperties) = preSolution
		HideSolutionNode = FALSE
	EndGlobalSection
EndGlobal
